<?xml version="1.0" encoding="UTF-8"?>
<!DOCTYPE plist PUBLIC "-//Apple//DTD PLIST 1.0//EN" "http://www.apple.com/DTDs/PropertyList-1.0.dtd">
<plist version="1.0">
<dict>
	<key>archiveVersion</key>
	<string>1</string>
	<key>objectVersion</key>
	<string>77</string>
	<key>objects</key>
	<dict>
		<key>F479420D27380A98C05A3F78</key>
		<dict>
			<key>isa</key>
			<string>PBXFileReference</string>
			<key>lastKnownFileType</key>
			<string>sourcecode.swift</string>
			<key>path</key>
			<string>CLIModels.swift</string>
			<key>sourceTree</key>
			<string>&lt;group&gt;</string>
		</dict>
		<key>7B3BB572A06071ADF9974256</key>
		<dict>
			<key>isa</key>
			<string>PBXFileReference</string>
			<key>lastKnownFileType</key>
			<string>sourcecode.swift</string>
			<key>path</key>
			<string>EnvironmentDoctor.swift</string>
			<key>sourceTree</key>
			<string>&lt;group&gt;</string>
		</dict>
		<key>6F309D74411C5E8911341351</key>
		<dict>
			<key>isa</key>
			<string>PBXFileReference</string>
			<key>lastKnownFileType</key>
			<string>sourcecode.swift</string>
			<key>path</key>
			<string>LifecycleServices.swift</string>
			<key>sourceTree</key>
			<string>&lt;group&gt;</string>
		</dict>
		<key>3EC6A55EE133894AA53B122E</key>
		<dict>
			<key>isa</key>
			<string>PBXFileReference</string>
			<key>lastKnownFileType</key>
			<string>sourcecode.swift</string>
			<key>path</key>
			<string>Models.swift</string>
			<key>sourceTree</key>
			<string>&lt;group&gt;</string>
		</dict>
		<key>D40CBB72DB62ACC7A5898EFB</key>
		<dict>
			<key>isa</key>
			<string>PBXFileReference</string>
			<key>lastKnownFileType</key>
			<string>sourcecode.swift</string>
			<key>path</key>
			<string>ProjectEnvironment.swift</string>
			<key>sourceTree</key>
			<string>&lt;group&gt;</string>
		</dict>
		<key>58985634C4A2617A9068A94C</key>
		<dict>
			<key>isa</key>
			<string>PBXFileReference</string>
			<key>lastKnownFileType</key>
			<string>sourcecode.swift</string>
			<key>path</key>
			<string>ProjectMatching.swift</string>
			<key>sourceTree</key>
			<string>&lt;group&gt;</string>
		</dict>
		<key>F9B04B683D66775DC03836DA</key>
		<dict>
			<key>isa</key>
			<string>PBXFileReference</string>
			<key>lastKnownFileType</key>
			<string>sourcecode.swift</string>
			<key>path</key>
			<string>Services.swift</string>
			<key>sourceTree</key>
			<string>&lt;group&gt;</string>
		</dict>
		<key>0EA8E87FC77BC2A066A54EB2</key>
		<dict>
			<key>isa</key>
			<string>PBXFileReference</string>
			<key>lastKnownFileType</key>
			<string>sourcecode.swift</string>
			<key>path</key>
			<string>SigningServices.swift</string>
			<key>sourceTree</key>
			<string>&lt;group&gt;</string>
		</dict>
		<key>D5B826D7063557F87C97E8E0</key>
		<dict>
			<key>isa</key>
			<string>PBXFileReference</string>
			<key>lastKnownFileType</key>
			<string>sourcecode.swift</string>
			<key>path</key>
			<string>ViewModel.swift</string>
			<key>sourceTree</key>
			<string>&lt;group&gt;</string>
		</dict>
		<key>F2A572658942DB0C69AB335C</key>
		<dict>
			<key>isa</key>
			<string>PBXFileReference</string>
			<key>lastKnownFileType</key>
			<string>sourcecode.swift</string>
			<key>path</key>
			<string>Views.swift</string>
			<key>sourceTree</key>
			<string>&lt;group&gt;</string>
		</dict>
		<key>B79B798320A209E6266959C7</key>
		<dict>
			<key>isa</key>
			<string>PBXFileReference</string>
			<key>lastKnownFileType</key>
			<string>sourcecode.swift</string>
			<key>path</key>
			<string>XcodeSwitcherApp.swift</string>
			<key>sourceTree</key>
			<string>&lt;group&gt;</string>
		</dict>
		<key>7681C8044A5772CA8E414546</key>
		<dict>
			<key>isa</key>
			<string>PBXFileReference</string>
			<key>lastKnownFileType</key>
			<string>sourcecode.swift</string>
			<key>path</key>
			<string>CLIEntryPoint.swift</string>
			<key>sourceTree</key>
			<string>&lt;group&gt;</string>
		</dict>
		<key>DE187E5B8CF1F2812032F275</key>
		<dict>
			<key>isa</key>
			<string>PBXFileReference</string>
			<key>lastKnownFileType</key>
			<string>text.plist.xml</string>
			<key>path</key>
			<string>Info.plist</string>
			<key>sourceTree</key>
			<string>&lt;group&gt;</string>
		</dict>
		<key>BC0FC7A214DEF5107527CEE0</key>
		<dict>
			<key>isa</key>
			<string>PBXFileReference</string>
			<key>lastKnownFileType</key>
			<string>text.plist.entitlements</string>
			<key>path</key>
			<string>Debug.entitlements</string>
			<key>sourceTree</key>
			<string>&lt;group&gt;</string>
		</dict>
		<key>37A527110920C07C2B23634B</key>
		<dict>
			<key>isa</key>
			<string>PBXFileReference</string>
			<key>lastKnownFileType</key>
			<string>text.xml</string>
			<key>path</key>
			<string>AppIcon.svg</string>
			<key>sourceTree</key>
			<string>&lt;group&gt;</string>
		</dict>
		<key>D6732E87205445621C2601E3</key>
		<dict>
			<key>isa</key>
			<string>PBXFileReference</string>
			<key>lastKnownFileType</key>
			<string>text.xml</string>
			<key>path</key>
			<string>MenuBarIcon.svg</string>
			<key>sourceTree</key>
			<string>&lt;group&gt;</string>
		</dict>
		<key>00145AA70D792A62FAEFB081</key>
		<dict>
			<key>isa</key>
			<string>PBXFileReference</string>
			<key>lastKnownFileType</key>
			<string>text.json.xcstrings</string>
			<key>path</key>
			<string>Localizable.xcstrings</string>
			<key>sourceTree</key>
			<string>&lt;group&gt;</string>
		</dict>
		<key>4517B743B615FD5EFBA142D0</key>
		<dict>
			<key>isa</key>
			<string>PBXFileReference</string>
			<key>lastKnownFileType</key>
			<string>text.script.sh</string>
			<key>path</key>
			<string>build_icons.sh</string>
			<key>sourceTree</key>
			<string>&lt;group&gt;</string>
		</dict>
		<key>BB76EA955C0140F5539B3370</key>
		<dict>
			<key>isa</key>
			<string>PBXFileReference</string>
			<key>lastKnownFileType</key>
			<string>sourcecode.swift</string>
			<key>path</key>
			<string>CLIOptionsTests.swift</string>
			<key>sourceTree</key>
			<string>&lt;group&gt;</string>
		</dict>
		<key>69695652279E52526C55DB08</key>
		<dict>
			<key>isa</key>
			<string>PBXFileReference</string>
			<key>lastKnownFileType</key>
			<string>sourcecode.swift</string>
			<key>path</key>
			<string>ConfigurationStoreTests.swift</string>
			<key>sourceTree</key>
			<string>&lt;group&gt;</string>
		</dict>
		<key>8C77BB1D50E0387CBAB9B7E7</key>
		<dict>
			<key>isa</key>
			<string>PBXFileReference</string>
			<key>lastKnownFileType</key>
			<string>sourcecode.swift</string>
			<key>path</key>
			<string>DeveloperDirectoryCommandTests.swift</string>
			<key>sourceTree</key>
			<string>&lt;group&gt;</string>
		</dict>
		<key>96D4427B2C32C35C0167EF5D</key>
		<dict>
			<key>isa</key>
			<string>PBXFileReference</string>
			<key>lastKnownFileType</key>
			<string>sourcecode.swift</string>
			<key>path</key>
			<string>EnvironmentDoctorTests.swift</string>
			<key>sourceTree</key>
			<string>&lt;group&gt;</string>
		</dict>
		<key>A899526A641091D8B55BC5EB</key>
		<dict>
			<key>isa</key>
			<string>PBXFileReference</string>
			<key>lastKnownFileType</key>
			<string>sourcecode.swift</string>
			<key>path</key>
			<string>LiquidGlassAdoptionTests.swift</string>
			<key>sourceTree</key>
			<string>&lt;group&gt;</string>
		</dict>
		<key>8982A24EF66B0ABF58FE548C</key>
		<dict>
			<key>isa</key>
			<string>PBXFileReference</string>
			<key>lastKnownFileType</key>
			<string>sourcecode.swift</string>
			<key>path</key>
			<string>ProcessRunnerTests.swift</string>
			<key>sourceTree</key>
			<string>&lt;group&gt;</string>
		</dict>
		<key>9C66698F319363B6748874D9</key>
		<dict>
			<key>isa</key>
			<string>PBXFileReference</string>
			<key>lastKnownFileType</key>
			<string>sourcecode.swift</string>
			<key>path</key>
			<string>ProjectMatchingTests.swift</string>
			<key>sourceTree</key>
			<string>&lt;group&gt;</string>
		</dict>
		<key>14BBAF2B53EC5CCA637F7009</key>
		<dict>
			<key>isa</key>
			<string>PBXFileReference</string>
			<key>lastKnownFileType</key>
			<string>sourcecode.swift</string>
			<key>path</key>
			<string>ReleaseCheckTests.swift</string>
			<key>sourceTree</key>
			<string>&lt;group&gt;</string>
		</dict>
		<key>E4745DB971A355A068387C43</key>
		<dict>
			<key>isa</key>
			<string>PBXFileReference</string>
			<key>lastKnownFileType</key>
			<string>sourcecode.swift</string>
			<key>path</key>
			<string>ShellEnvironmentTests.swift</string>
			<key>sourceTree</key>
			<string>&lt;group&gt;</string>
		</dict>
		<key>2FCCB4B3FA0095D6712FC135</key>
		<dict>
			<key>isa</key>
			<string>PBXFileReference</string>
			<key>lastKnownFileType</key>
			<string>sourcecode.swift</string>
			<key>path</key>
			<string>SigningServiceTests.swift</string>
			<key>sourceTree</key>
			<string>&lt;group&gt;</string>
		</dict>
		<key>57FB700E19CFBDDCB95A6C43</key>
		<dict>
			<key>isa</key>
			<string>PBXFileReference</string>
			<key>lastKnownFileType</key>
			<string>sourcecode.swift</string>
			<key>path</key>
			<string>SimulatorParsingTests.swift</string>
			<key>sourceTree</key>
			<string>&lt;group&gt;</string>
		</dict>
		<key>EFFFF68CFB69190935A03796</key>
		<dict>
			<key>isa</key>
			<string>PBXFileReference</string>
			<key>lastKnownFileType</key>
			<string>sourcecode.swift</string>
			<key>path</key>
			<string>ViewModelCachingTests.swift</string>
			<key>sourceTree</key>
			<string>&lt;group&gt;</string>
		</dict>
		<key>4DE67949251C57619C3CB4A6</key>
		<dict>
			<key>isa</key>
			<string>PBXFileReference</string>
			<key>lastKnownFileType</key>
			<string>sourcecode.swift</string>
			<key>path</key>
			<string>XcodeSettingsAutomationTests.swift</string>
			<key>sourceTree</key>
			<string>&lt;group&gt;</string>
		</dict>
		<key>02DB7A12A374000CF03441C2</key>
		<dict>
			<key>isa</key>
			<string>PBXFileReference</string>
			<key>explicitFileType</key>
			<string>wrapper.cfbundle</string>
			<key>includeInIndex</key>
			<string>0</string>
			<key>path</key>
			<string>XcodeSwitcherTests.xctest</string>
			<key>sourceTree</key>
			<string>BUILT_PRODUCTS_DIR</string>
		</dict>
		<key>2DDA71609E03108BCC14D346</key>
		<dict>
			<key>isa</key>
			<string>PBXFileReference</string>
			<key>explicitFileType</key>
			<string>wrapper.application</string>
			<key>includeInIndex</key>
			<string>0</string>
			<key>path</key>
			<string>Xcode Switcher.app</string>
			<key>sourceTree</key>
			<string>BUILT_PRODUCTS_DIR</string>
		</dict>
		<key>6D9C953A5AC303B892F3D859</key>
		<dict>
			<key>isa</key>
			<string>PBXFileReference</string>
			<key>explicitFileType</key>
			<string>compiled.mach-o.executable</string>
			<key>includeInIndex</key>
			<string>0</string>
			<key>path</key>
			<string>xcodeswitcher</string>
			<key>sourceTree</key>
			<string>BUILT_PRODUCTS_DIR</string>
		</dict>
		<key>E8BBD3150499FDB206184225</key>
		<dict>
			<key>isa</key>
			<string>XCRemoteSwiftPackageReference</string>
			<key>repositoryURL</key>
			<string>https://github.com/sparkle-project/Sparkle</string>
			<key>requirement</key>
			<dict>
				<key>kind</key>
				<string>exactVersion</string>
				<key>version</key>
				<string>2.9.6</string>
			</dict>
		</dict>
		<key>C7E3EE0DC1CFEC0A8D0082DF</key>
		<dict>
			<key>isa</key>
			<string>XCSwiftPackageProductDependency</string>
			<key>package</key>
			<string>E8BBD3150499FDB206184225</string>
			<key>productName</key>
			<string>Sparkle</string>
		</dict>
		<key>0FCF456165A18A74606C2ED5</key>
		<dict>
			<key>isa</key>
			<string>PBXBuildFile</string>
			<key>fileRef</key>
			<string>6D9C953A5AC303B892F3D859</string>
			<key>settings</key>
			<dict>
				<key>ATTRIBUTES</key>
				<array>
					<string>CodeSignOnCopy</string>
				</array>
			</dict>
		</dict>
		<key>F09A2F2F711DBAC4984AADB7</key>
		<dict>
			<key>isa</key>
			<string>PBXCopyFilesBuildPhase</string>
			<key>buildActionMask</key>
			<string>2147483647</string>
			<key>dstPath</key>
			<string></string>
			<key>dstSubfolderSpec</key>
			<string>6</string>
			<key>files</key>
			<array>
				<string>0FCF456165A18A74606C2ED5</string>
			</array>
			<key>name</key>
			<string>Embed CLI</string>
			<key>runOnlyForDeploymentPostprocessing</key>
			<string>0</string>
		</dict>
		<key>0C73F012115695243B490017</key>
		<dict>
			<key>isa</key>
			<string>PBXContainerItemProxy</string>
			<key>containerPortal</key>
			<string>98F54143AB4E86B28C3AFEE0</string>
			<key>proxyType</key>
			<string>1</string>
			<key>remoteGlobalIDString</key>
			<string>520C4A33D0C9ECA5D2D058F3</string>
			<key>remoteInfo</key>
			<string>xcodeswitcher-cli</string>
		</dict>
		<key>679DDE56D570791DF2AA97E7</key>
		<dict>
			<key>isa</key>
			<string>PBXTargetDependency</string>
			<key>target</key>
			<string>520C4A33D0C9ECA5D2D058F3</string>
			<key>targetProxy</key>
			<string>0C73F012115695243B490017</string>
		</dict>
		<key>43422C1EED142371369E62E7</key>
		<dict>
			<key>isa</key>
			<string>PBXContainerItemProxy</string>
			<key>containerPortal</key>
			<string>98F54143AB4E86B28C3AFEE0</string>
			<key>proxyType</key>
			<string>1</string>
			<key>remoteGlobalIDString</key>
			<string>A48233495F3F75CE00DFA0A8</string>
			<key>remoteInfo</key>
			<string>XcodeSwitcher</string>
		</dict>
		<key>7C3463FDDFC227D4B05379DB</key>
		<dict>
			<key>isa</key>
			<string>PBXTargetDependency</string>
			<key>target</key>
			<string>A48233495F3F75CE00DFA0A8</string>
			<key>targetProxy</key>
			<string>43422C1EED142371369E62E7</string>
		</dict>
		<key>4760504F9C2A341E0A12E076</key>
		<dict>
			<key>isa</key>
			<string>PBXBuildFile</string>
			<key>fileRef</key>
			<string>F479420D27380A98C05A3F78</string>
		</dict>
		<key>4BCB10BD2392BE7A86EA6A73</key>
		<dict>
			<key>isa</key>
			<string>PBXBuildFile</string>
			<key>fileRef</key>
			<string>7B3BB572A06071ADF9974256</string>
		</dict>
		<key>9FE1494FCC23F6C7B24F07CE</key>
		<dict>
			<key>isa</key>
			<string>PBXBuildFile</string>
			<key>fileRef</key>
			<string>6F309D74411C5E8911341351</string>
		</dict>
		<key>46069FD9D3E1E3735821211D</key>
		<dict>
			<key>isa</key>
			<string>PBXBuildFile</string>
			<key>fileRef</key>
			<string>3EC6A55EE133894AA53B122E</string>
		</dict>
		<key>40A049D1626288E444890597</key>
		<dict>
			<key>isa</key>
			<string>PBXBuildFile</string>
			<key>fileRef</key>
			<string>D40CBB72DB62ACC7A5898EFB</string>
		</dict>
		<key>3F8FF70FDDB7766796E7A5F6</key>
		<dict>
			<key>isa</key>
			<string>PBXBuildFile</string>
			<key>fileRef</key>
			<string>58985634C4A2617A9068A94C</string>
		</dict>
		<key>6B9C3BD5E45D2CDD2CB693BA</key>
		<dict>
			<key>isa</key>
			<string>PBXBuildFile</string>
			<key>fileRef</key>
			<string>F9B04B683D66775DC03836DA</string>
		</dict>
		<key>4C6BCEACF6AD7E25378952B7</key>
		<dict>
			<key>isa</key>
			<string>PBXBuildFile</string>
			<key>fileRef</key>
			<string>0EA8E87FC77BC2A066A54EB2</string>
		</dict>
		<key>494E32776E5F35E31CD54533</key>
		<dict>
			<key>isa</key>
			<string>PBXBuildFile</string>
			<key>fileRef</key>
			<string>D5B826D7063557F87C97E8E0</string>
		</dict>
		<key>95B9CFB9A0B1F06CD4F7D69D</key>
		<dict>
			<key>isa</key>
			<string>PBXBuildFile</string>
			<key>fileRef</key>
			<string>F2A572658942DB0C69AB335C</string>
		</dict>
		<key>B8F4398F71385546CBEB4436</key>
		<dict>
			<key>isa</key>
			<string>PBXBuildFile</string>
			<key>fileRef</key>
			<string>B79B798320A209E6266959C7</string>
		</dict>
		<key>FC562417176D51C0F7635AF4</key>
		<dict>
			<key>isa</key>
			<string>PBXBuildFile</string>
			<key>fileRef</key>
			<string>F479420D27380A98C05A3F78</string>
		</dict>
		<key>7A96CB86C7AA35080D663C27</key>
		<dict>
			<key>isa</key>
			<string>PBXBuildFile</string>
			<key>fileRef</key>
			<string>7B3BB572A06071ADF9974256</string>
		</dict>
		<key>DF31A82686A9534BA4BD1935</key>
		<dict>
			<key>isa</key>
			<string>PBXBuildFile</string>
			<key>fileRef</key>
			<string>3EC6A55EE133894AA53B122E</string>
		</dict>
		<key>48A38CFF25308403DEA4CABD</key>
		<dict>
			<key>isa</key>
			<string>PBXBuildFile</string>
			<key>fileRef</key>
			<string>D40CBB72DB62ACC7A5898EFB</string>
		</dict>
		<key>7A4D2B7510F06E9AB5D1BFFB</key>
		<dict>
			<key>isa</key>
			<string>PBXBuildFile</string>
			<key>fileRef</key>
			<string>58985634C4A2617A9068A94C</string>
		</dict>
		<key>0D3B6EFC795498732774FE52</key>
		<dict>
			<key>isa</key>
			<string>PBXBuildFile</string>
			<key>fileRef</key>
			<string>F9B04B683D66775DC03836DA</string>
		</dict>
		<key>A6A65C78C0DEFE3460FA6B03</key>
		<dict>
			<key>isa</key>
			<string>PBXBuildFile</string>
			<key>fileRef</key>
			<string>7681C8044A5772CA8E414546</string>
		</dict>
		<key>8B7E7775B325759CE3F9C230</key>
		<dict>
			<key>isa</key>
			<string>PBXBuildFile</string>
			<key>fileRef</key>
			<string>BB76EA955C0140F5539B3370</string>
		</dict>
		<key>40035B339B9D80308265BC4B</key>
		<dict>
			<key>isa</key>
			<string>PBXBuildFile</string>
			<key>fileRef</key>
			<string>69695652279E52526C55DB08</string>
		</dict>
		<key>C7C9658B1571BA3FDE19AB97</key>
		<dict>
			<key>isa</key>
			<string>PBXBuildFile</string>
			<key>fileRef</key>
			<string>8C77BB1D50E0387CBAB9B7E7</string>
		</dict>
		<key>8DA50758D59FABF9076D9D0D</key>
		<dict>
			<key>isa</key>
			<string>PBXBuildFile</string>
			<key>fileRef</key>
			<string>96D4427B2C32C35C0167EF5D</string>
		</dict>
		<key>7013DFE55489B5A5380E4267</key>
		<dict>
			<key>isa</key>
			<string>PBXBuildFile</string>
			<key>fileRef</key>
			<string>A899526A641091D8B55BC5EB</string>
		</dict>
		<key>345CF7F25B8B1420CF9270DB</key>
		<dict>
			<key>isa</key>
			<string>PBXBuildFile</string>
			<key>fileRef</key>
			<string>8982A24EF66B0ABF58FE548C</string>
		</dict>
		<key>A16791DB9B768BA48BD0AA88</key>
		<dict>
			<key>isa</key>
			<string>PBXBuildFile</string>
			<key>fileRef</key>
			<string>9C66698F319363B6748874D9</string>
		</dict>
		<key>F5663942B3C972156FA01871</key>
		<dict>
			<key>isa</key>
			<string>PBXBuildFile</string>
			<key>fileRef</key>
			<string>14BBAF2B53EC5CCA637F7009</string>
		</dict>
		<key>13B83643A9527F27E8B1CFDE</key>
		<dict>
			<key>isa</key>
			<string>PBXBuildFile</string>
			<key>fileRef</key>
			<string>E4745DB971A355A068387C43</string>
		</dict>
		<key>5E0D2E5739F131707B3F3757</key>
		<dict>
			<key>isa</key>
			<string>PBXBuildFile</string>
			<key>fileRef</key>
			<string>2FCCB4B3FA0095D6712FC135</string>
		</dict>
		<key>F3095A3BDDEAC248F0ED42C7</key>
		<dict>
			<key>isa</key>
			<string>PBXBuildFile</string>
			<key>fileRef</key>
			<string>57FB700E19CFBDDCB95A6C43</string>
		</dict>
		<key>B773FF146CE2DDA004B3084D</key>
		<dict>
			<key>isa</key>
			<string>PBXBuildFile</string>
			<key>fileRef</key>
			<string>EFFFF68CFB69190935A03796</string>
		</dict>
		<key>965FDB09CB3CA4FBF76FC940</key>
		<dict>
			<key>isa</key>
			<string>PBXBuildFile</string>
			<key>fileRef</key>
			<string>4DE67949251C57619C3CB4A6</string>
		</dict>
		<key>7334445A4762D28B5DB6C5D5</key>
		<dict>
			<key>isa</key>
			<string>PBXBuildFile</string>
			<key>fileRef</key>
			<string>00145AA70D792A62FAEFB081</string>
		</dict>
		<key>7C12CBE6D4F67A5824F71D1F</key>
		<dict>
			<key>isa</key>
			<string>PBXBuildFile</string>
			<key>productRef</key>
			<string>C7E3EE0DC1CFEC0A8D0082DF</string>
		</dict>
		<key>98BBFC48BB7CE508671FA6C5</key>
		<dict>
			<key>isa</key>
			<string>PBXSourcesBuildPhase</string>
			<key>buildActionMask</key>
			<string>2147483647</string>
			<key>files</key>
			<array>
				<string>4760504F9C2A341E0A12E076</string>
				<string>4BCB10BD2392BE7A86EA6A73</string>
				<string>9FE1494FCC23F6C7B24F07CE</string>
				<string>46069FD9D3E1E3735821211D</string>
				<string>40A049D1626288E444890597</string>
				<string>3F8FF70FDDB7766796E7A5F6</string>
				<string>6B9C3BD5E45D2CDD2CB693BA</string>
				<string>4C6BCEACF6AD7E25378952B7</string>
				<string>494E32776E5F35E31CD54533</string>
				<string>95B9CFB9A0B1F06CD4F7D69D</string>
				<string>B8F4398F71385546CBEB4436</string>
			</array>
			<key>runOnlyForDeploymentPostprocessing</key>
			<string>0</string>
		</dict>
		<key>5415EA9250A25542E1B9AF6A</key>
		<dict>
			<key>isa</key>
			<string>PBXFrameworksBuildPhase</string>
			<key>buildActionMask</key>
			<string>2147483647</string>
			<key>files</key>
			<array>
				<string>7C12CBE6D4F67A5824F71D1F</string>
			</array>
			<key>runOnlyForDeploymentPostprocessing</key>
			<string>0</string>
		</dict>
		<key>02AC3FAF28A6EC42D8948E57</key>
		<dict>
			<key>isa</key>
			<string>PBXResourcesBuildPhase</string>
			<key>buildActionMask</key>
			<string>2147483647</string>
			<key>files</key>
			<array>
				<string>7334445A4762D28B5DB6C5D5</string>
			</array>
			<key>runOnlyForDeploymentPostprocessing</key>
			<string>0</string>
		</dict>
		<key>5E4E1713B0B4C6D9AEE6673E</key>
		<dict>
			<key>isa</key>
			<string>PBXShellScriptBuildPhase</string>
			<key>alwaysOutOfDate</key>
			<string>1</string>
			<key>buildActionMask</key>
			<string>2147483647</string>
			<key>files</key>
			<array>
			</array>
			<key>inputFileListPaths</key>
			<array>
			</array>
			<key>inputPaths</key>
			<array>
				<string>"$(SRCROOT)/Scripts/build_icons.sh"</string>
				<string>"$(SRCROOT)/Resources/AppIcon.svg"</string>
				<string>"$(SRCROOT)/Resources/MenuBarIcon.svg"</string>
			</array>
			<key>name</key>
			<string>Generate icons</string>
			<key>outputFileListPaths</key>
			<array>
			</array>
			<key>outputPaths</key>
			<array>
				<string>"$(TARGET_BUILD_DIR)/$(UNLOCALIZED_RESOURCES_FOLDER_PATH)/AppIcon.icns"</string>
				<string>"$(TARGET_BUILD_DIR)/$(UNLOCALIZED_RESOURCES_FOLDER_PATH)/MenuBarIcon.png"</string>
			</array>
			<key>runOnlyForDeploymentPostprocessing</key>
			<string>0</string>
			<key>shellPath</key>
			<string>/bin/bash</string>
			<key>shellScript</key>
			<string>set -euo pipefail
"/bin/bash" "$SRCROOT/Scripts/build_icons.sh" "$SRCROOT/Resources" "$TARGET_BUILD_DIR/$UNLOCALIZED_RESOURCES_FOLDER_PATH"
</string>
		</dict>
		<key>1B125AB719358133E7074898</key>
		<dict>
			<key>isa</key>
			<string>PBXSourcesBuildPhase</string>
			<key>buildActionMask</key>
			<string>2147483647</string>
			<key>files</key>
			<array>
				<string>FC562417176D51C0F7635AF4</string>
				<string>7A96CB86C7AA35080D663C27</string>
				<string>DF31A82686A9534BA4BD1935</string>
				<string>48A38CFF25308403DEA4CABD</string>
				<string>7A4D2B7510F06E9AB5D1BFFB</string>
				<string>0D3B6EFC795498732774FE52</string>
				<string>A6A65C78C0DEFE3460FA6B03</string>
			</array>
			<key>runOnlyForDeploymentPostprocessing</key>
			<string>0</string>
		</dict>
		<key>D44BCFB77C1B3992B14C3F0A</key>
		<dict>
			<key>isa</key>
			<string>PBXFrameworksBuildPhase</string>
			<key>buildActionMask</key>
			<string>2147483647</string>
			<key>files</key>
			<array>
			</array>
			<key>runOnlyForDeploymentPostprocessing</key>
			<string>0</string>
		</dict>
		<key>17CD6F54A036D576C1A73275</key>
		<dict>
			<key>isa</key>
			<string>PBXSourcesBuildPhase</string>
			<key>buildActionMask</key>
			<string>2147483647</string>
			<key>files</key>
			<array>
				<string>8B7E7775B325759CE3F9C230</string>
				<string>40035B339B9D80308265BC4B</string>
				<string>C7C9658B1571BA3FDE19AB97</string>
				<string>8DA50758D59FABF9076D9D0D</string>
				<string>7013DFE55489B5A5380E4267</string>
				<string>345CF7F25B8B1420CF9270DB</string>
				<string>A16791DB9B768BA48BD0AA88</string>
				<string>F5663942B3C972156FA01871</string>
				<string>13B83643A9527F27E8B1CFDE</string>
				<string>5E0D2E5739F131707B3F3757</string>
				<string>F3095A3BDDEAC248F0ED42C7</string>
				<string>B773FF146CE2DDA004B3084D</string>
				<string>965FDB09CB3CA4FBF76FC940</string>
			</array>
			<key>runOnlyForDeploymentPostprocessing</key>
			<string>0</string>
		</dict>
		<key>46D9EB522FF16A1A0D343C21</key>
		<dict>
			<key>isa</key>
			<string>PBXFrameworksBuildPhase</string>
			<key>buildActionMask</key>
			<string>2147483647</string>
			<key>files</key>
			<array>
			</array>
			<key>runOnlyForDeploymentPostprocessing</key>
			<string>0</string>
		</dict>
		<key>288A757C63E8758F2A6EF853</key>
		<dict>
			<key>isa</key>
			<string>PBXResourcesBuildPhase</string>
			<key>buildActionMask</key>
			<string>2147483647</string>
			<key>files</key>
			<array>
			</array>
			<key>runOnlyForDeploymentPostprocessing</key>
			<string>0</string>
		</dict>
		<key>A0CE3E15B31A4452FAE71F8A</key>
		<dict>
			<key>isa</key>
			<string>XCBuildConfiguration</string>
			<key>buildSettings</key>
			<dict>
				<key>ALWAYS_SEARCH_USER_PATHS</key>
				<string>NO</string>
				<key>ARCHS</key>
				<string>arm64</string>
				<key>CLANG_ENABLE_MODULES</key>
				<string>YES</string>
				<key>CLANG_ENABLE_OBJC_ARC</key>
				<string>YES</string>
				<key>CODE_SIGN_IDENTITY</key>
				<string>-</string>
				<key>CODE_SIGN_STYLE</key>
				<string>Manual</string>
				<key>COPY_PHASE_STRIP</key>
				<string>NO</string>
				<key>DEVELOPMENT_LANGUAGE</key>
				<string>zh-Hans</string>
				<key>DEVELOPMENT_TEAM</key>
				<string></string>
				<key>ENABLE_HARDENED_RUNTIME</key>
				<string>YES</string>
				<key>ENABLE_USER_SCRIPT_SANDBOXING</key>
				<string>NO</string>
				<key>GCC_NO_COMMON_BLOCKS</key>
				<string>YES</string>
				<key>GCC_WARN_UNDECLARED_SELECTOR</key>
				<string>YES</string>
				<key>LOCALIZATION_PREFERS_STRING_CATALOGS</key>
				<string>YES</string>
				<key>MACOSX_DEPLOYMENT_TARGET</key>
				<string>13.0</string>
				<key>SDKROOT</key>
				<string>macosx</string>
				<key>SWIFT_STRICT_CONCURRENCY</key>
				<string>complete</string>
				<key>SWIFT_TREAT_WARNINGS_AS_ERRORS</key>
				<string>YES</string>
				<key>SWIFT_VERSION</key>
				<string>5.0</string>
				<key>DEBUG_INFORMATION_FORMAT</key>
				<string>dwarf</string>
				<key>ENABLE_DEBUG_DYLIB</key>
				<string>NO</string>
				<key>ENABLE_TESTABILITY</key>
				<string>YES</string>
				<key>GCC_OPTIMIZATION_LEVEL</key>
				<string>0</string>
				<key>ONLY_ACTIVE_ARCH</key>
				<string>YES</string>
				<key>SWIFT_ACTIVE_COMPILATION_CONDITIONS</key>
				<string>DEBUG</string>
				<key>SWIFT_OPTIMIZATION_LEVEL</key>
				<string>-Onone</string>
			</dict>
			<key>name</key>
			<string>Debug</string>
		</dict>
		<key>2C15B91E20E57EE460606EF7</key>
		<dict>
			<key>isa</key>
			<string>XCBuildConfiguration</string>
			<key>buildSettings</key>
			<dict>
				<key>ALWAYS_SEARCH_USER_PATHS</key>
				<string>NO</string>
				<key>ARCHS</key>
				<string>arm64</string>
				<key>CLANG_ENABLE_MODULES</key>
				<string>YES</string>
				<key>CLANG_ENABLE_OBJC_ARC</key>
				<string>YES</string>
				<key>CODE_SIGN_IDENTITY</key>
				<string>-</string>
				<key>CODE_SIGN_STYLE</key>
				<string>Manual</string>
				<key>COPY_PHASE_STRIP</key>
				<string>NO</string>
				<key>DEVELOPMENT_LANGUAGE</key>
				<string>zh-Hans</string>
				<key>DEVELOPMENT_TEAM</key>
				<string></string>
				<key>ENABLE_HARDENED_RUNTIME</key>
				<string>YES</string>
				<key>ENABLE_USER_SCRIPT_SANDBOXING</key>
				<string>NO</string>
				<key>GCC_NO_COMMON_BLOCKS</key>
				<string>YES</string>
				<key>GCC_WARN_UNDECLARED_SELECTOR</key>
				<string>YES</string>
				<key>LOCALIZATION_PREFERS_STRING_CATALOGS</key>
				<string>YES</string>
				<key>MACOSX_DEPLOYMENT_TARGET</key>
				<string>13.0</string>
				<key>SDKROOT</key>
				<string>macosx</string>
				<key>SWIFT_STRICT_CONCURRENCY</key>
				<string>complete</string>
				<key>SWIFT_TREAT_WARNINGS_AS_ERRORS</key>
				<string>YES</string>
				<key>SWIFT_VERSION</key>
				<string>5.0</string>
				<key>DEBUG_INFORMATION_FORMAT</key>
				<string>dwarf-with-dsym</string>
				<key>ENABLE_NS_ASSERTIONS</key>
				<string>NO</string>
				<key>SWIFT_COMPILATION_MODE</key>
				<string>wholemodule</string>
				<key>SWIFT_OPTIMIZATION_LEVEL</key>
				<string>-O</string>
			</dict>
			<key>name</key>
			<string>Release</string>
		</dict>
		<key>33F9B045A50AB3FEE9765046</key>
		<dict>
			<key>isa</key>
			<string>XCBuildConfiguration</string>
			<key>buildSettings</key>
			<dict>
				<key>CODE_SIGN_ENTITLEMENTS</key>
				<string>Resources/Debug.entitlements</string>
				<key>CURRENT_PROJECT_VERSION</key>
				<string>1</string>
				<key>EXECUTABLE_NAME</key>
				<string>XcodeSwitcherApp</string>
				<key>INFOPLIST_FILE</key>
				<string>Resources/Info.plist</string>
				<key>LD_RUNPATH_SEARCH_PATHS</key>
				<array>
					<string>$(inherited)</string>
					<string>@executable_path/../Frameworks</string>
				</array>
				<key>MARKETING_VERSION</key>
				<string>1.3.0</string>
				<key>PRODUCT_BUNDLE_IDENTIFIER</key>
				<string>com.yostar.xcodeswitcher</string>
				<key>PRODUCT_MODULE_NAME</key>
				<string>XcodeSwitcher</string>
				<key>PRODUCT_NAME</key>
				<string>Xcode Switcher</string>
				<key>SWIFT_EMIT_LOC_STRINGS</key>
				<string>YES</string>
			</dict>
			<key>name</key>
			<string>Debug</string>
		</dict>
		<key>0EB557C946812BB14694A58A</key>
		<dict>
			<key>isa</key>
			<string>XCBuildConfiguration</string>
			<key>buildSettings</key>
			<dict>
				<key>CURRENT_PROJECT_VERSION</key>
				<string>1</string>
				<key>EXECUTABLE_NAME</key>
				<string>XcodeSwitcherApp</string>
				<key>INFOPLIST_FILE</key>
				<string>Resources/Info.plist</string>
				<key>LD_RUNPATH_SEARCH_PATHS</key>
				<array>
					<string>$(inherited)</string>
					<string>@executable_path/../Frameworks</string>
				</array>
				<key>MARKETING_VERSION</key>
				<string>1.3.0</string>
				<key>PRODUCT_BUNDLE_IDENTIFIER</key>
				<string>com.yostar.xcodeswitcher</string>
				<key>PRODUCT_MODULE_NAME</key>
				<string>XcodeSwitcher</string>
				<key>PRODUCT_NAME</key>
				<string>Xcode Switcher</string>
				<key>SWIFT_EMIT_LOC_STRINGS</key>
				<string>YES</string>
			</dict>
			<key>name</key>
			<string>Release</string>
		</dict>
		<key>66B2F9C91CF88A89F866CB9E</key>
		<dict>
			<key>isa</key>
			<string>XCBuildConfiguration</string>
			<key>buildSettings</key>
			<dict>
				<key>BUNDLE_LOADER</key>
				<string>$(TEST_HOST)</string>
				<key>GENERATE_INFOPLIST_FILE</key>
				<string>YES</string>
				<key>PRODUCT_BUNDLE_IDENTIFIER</key>
				<string>com.yostar.xcodeswitcher.tests</string>
				<key>PRODUCT_NAME</key>
				<string>XcodeSwitcherTests</string>
				<key>SWIFT_INCLUDE_PATHS</key>
				<string>$(CONFIGURATION_TEMP_DIR)/XcodeSwitcher.build/Objects-normal/$(CURRENT_ARCH)</string>
				<key>TEST_HOST</key>
				<string>$(BUILT_PRODUCTS_DIR)/Xcode Switcher.app/Contents/MacOS/XcodeSwitcherApp</string>
			</dict>
			<key>name</key>
			<string>Debug</string>
		</dict>
		<key>33DA11386C97FA6B099B9B85</key>
		<dict>
			<key>isa</key>
			<string>XCBuildConfiguration</string>
			<key>buildSettings</key>
			<dict>
				<key>BUNDLE_LOADER</key>
				<string>$(TEST_HOST)</string>
				<key>GENERATE_INFOPLIST_FILE</key>
				<string>YES</string>
				<key>PRODUCT_BUNDLE_IDENTIFIER</key>
				<string>com.yostar.xcodeswitcher.tests</string>
				<key>PRODUCT_NAME</key>
				<string>XcodeSwitcherTests</string>
				<key>SWIFT_INCLUDE_PATHS</key>
				<string>$(CONFIGURATION_TEMP_DIR)/XcodeSwitcher.build/Objects-normal/$(CURRENT_ARCH)</string>
				<key>TEST_HOST</key>
				<string>$(BUILT_PRODUCTS_DIR)/Xcode Switcher.app/Contents/MacOS/XcodeSwitcherApp</string>
			</dict>
			<key>name</key>
			<string>Release</string>
		</dict>
		<key>8E09F4E7A415714230C5B200</key>
		<dict>
			<key>isa</key>
			<string>XCBuildConfiguration</string>
			<key>buildSettings</key>
			<dict>
				<key>PRODUCT_BUNDLE_IDENTIFIER</key>
				<string>com.yostar.xcodeswitcher.cli</string>
				<key>PRODUCT_NAME</key>
				<string>xcodeswitcher</string>
				<key>SKIP_INSTALL</key>
				<string>YES</string>
			</dict>
			<key>name</key>
			<string>Debug</string>
		</dict>
		<key>516295BE37B91DB49032EC28</key>
		<dict>
			<key>isa</key>
			<string>XCBuildConfiguration</string>
			<key>buildSettings</key>
			<dict>
				<key>PRODUCT_BUNDLE_IDENTIFIER</key>
				<string>com.yostar.xcodeswitcher.cli</string>
				<key>PRODUCT_NAME</key>
				<string>xcodeswitcher</string>
				<key>SKIP_INSTALL</key>
				<string>YES</string>
			</dict>
			<key>name</key>
			<string>Release</string>
		</dict>
		<key>D73EFB04F57AE5A83510D3EC</key>
		<dict>
			<key>isa</key>
			<string>XCConfigurationList</string>
			<key>buildConfigurations</key>
			<array>
				<string>A0CE3E15B31A4452FAE71F8A</string>
				<string>2C15B91E20E57EE460606EF7</string>
			</array>
			<key>defaultConfigurationIsVisible</key>
			<string>0</string>
			<key>defaultConfigurationName</key>
			<string>Release</string>
		</dict>
		<key>C2B5162CA92F106C4F7E149E</key>
		<dict>
			<key>isa</key>
			<string>XCConfigurationList</string>
			<key>buildConfigurations</key>
			<array>
				<string>33F9B045A50AB3FEE9765046</string>
				<string>0EB557C946812BB14694A58A</string>
			</array>
			<key>defaultConfigurationIsVisible</key>
			<string>0</string>
			<key>defaultConfigurationName</key>
			<string>Release</string>
		</dict>
		<key>BF5F5D4A0E311CF4DF980F29</key>
		<dict>
			<key>isa</key>
			<string>XCConfigurationList</string>
			<key>buildConfigurations</key>
			<array>
				<string>8E09F4E7A415714230C5B200</string>
				<string>516295BE37B91DB49032EC28</string>
			</array>
			<key>defaultConfigurationIsVisible</key>
			<string>0</string>
			<key>defaultConfigurationName</key>
			<string>Release</string>
		</dict>
		<key>97363C9E0F5E5733DAC6DC79</key>
		<dict>
			<key>isa</key>
			<string>XCConfigurationList</string>
			<key>buildConfigurations</key>
			<array>
				<string>66B2F9C91CF88A89F866CB9E</string>
				<string>33DA11386C97FA6B099B9B85</string>
			</array>
			<key>defaultConfigurationIsVisible</key>
			<string>0</string>
			<key>defaultConfigurationName</key>
			<string>Release</string>
		</dict>
		<key>A48233495F3F75CE00DFA0A8</key>
		<dict>
			<key>isa</key>
			<string>PBXNativeTarget</string>
			<key>buildConfigurationList</key>
			<string>C2B5162CA92F106C4F7E149E</string>
			<key>buildPhases</key>
			<array>
				<string>98BBFC48BB7CE508671FA6C5</string>
				<string>5415EA9250A25542E1B9AF6A</string>
				<string>02AC3FAF28A6EC42D8948E57</string>
				<string>5E4E1713B0B4C6D9AEE6673E</string>
				<string>F09A2F2F711DBAC4984AADB7</string>
			</array>
			<key>buildRules</key>
			<array>
			</array>
			<key>dependencies</key>
			<array>
				<string>679DDE56D570791DF2AA97E7</string>
			</array>
			<key>name</key>
			<string>XcodeSwitcher</string>
			<key>packageProductDependencies</key>
			<array>
				<string>C7E3EE0DC1CFEC0A8D0082DF</string>
			</array>
			<key>productName</key>
			<string>XcodeSwitcher</string>
			<key>productReference</key>
			<string>2DDA71609E03108BCC14D346</string>
			<key>productType</key>
			<string>com.apple.product-type.application</string>
		</dict>
		<key>520C4A33D0C9ECA5D2D058F3</key>
		<dict>
			<key>isa</key>
			<string>PBXNativeTarget</string>
			<key>buildConfigurationList</key>
			<string>BF5F5D4A0E311CF4DF980F29</string>
			<key>buildPhases</key>
			<array>
				<string>1B125AB719358133E7074898</string>
				<string>D44BCFB77C1B3992B14C3F0A</string>
			</array>
			<key>buildRules</key>
			<array>
			</array>
			<key>dependencies</key>
			<array>
			</array>
			<key>name</key>
			<string>xcodeswitcher-cli</string>
			<key>productName</key>
			<string>xcodeswitcher</string>
			<key>productReference</key>
			<string>6D9C953A5AC303B892F3D859</string>
			<key>productType</key>
			<string>com.apple.product-type.tool</string>
		</dict>
		<key>04EA9A5EC74C4E381470739C</key>
		<dict>
			<key>isa</key>
			<string>PBXNativeTarget</string>
			<key>buildConfigurationList</key>
			<string>97363C9E0F5E5733DAC6DC79</string>
			<key>buildPhases</key>
			<array>
				<string>17CD6F54A036D576C1A73275</string>
				<string>46D9EB522FF16A1A0D343C21</string>
				<string>288A757C63E8758F2A6EF853</string>
			</array>
			<key>buildRules</key>
			<array>
			</array>
			<key>dependencies</key>
			<array>
				<string>7C3463FDDFC227D4B05379DB</string>
			</array>
			<key>name</key>
			<string>XcodeSwitcherTests</string>
			<key>productName</key>
			<string>XcodeSwitcherTests</string>
			<key>productReference</key>
			<string>02DB7A12A374000CF03441C2</string>
			<key>productType</key>
			<string>com.apple.product-type.bundle.unit-test</string>
		</dict>
		<key>39A5B0C87020D1B4C992CFC6</key>
		<dict>
			<key>isa</key>
			<string>PBXGroup</string>
			<key>children</key>
			<array>
				<string>F479420D27380A98C05A3F78</string>
				<string>7B3BB572A06071ADF9974256</string>
				<string>6F309D74411C5E8911341351</string>
				<string>3EC6A55EE133894AA53B122E</string>
				<string>D40CBB72DB62ACC7A5898EFB</string>
				<string>58985634C4A2617A9068A94C</string>
				<string>F9B04B683D66775DC03836DA</string>
				<string>0EA8E87FC77BC2A066A54EB2</string>
				<string>D5B826D7063557F87C97E8E0</string>
				<string>F2A572658942DB0C69AB335C</string>
				<string>B79B798320A209E6266959C7</string>
			</array>
			<key>path</key>
			<string>Sources</string>
			<key>sourceTree</key>
			<string>&lt;group&gt;</string>
		</dict>
		<key>08DE04CDE866FBD543ADABDD</key>
		<dict>
			<key>isa</key>
			<string>PBXGroup</string>
			<key>children</key>
			<array>
				<string>7681C8044A5772CA8E414546</string>
			</array>
			<key>path</key>
			<string>SourcesCLI</string>
			<key>sourceTree</key>
			<string>&lt;group&gt;</string>
		</dict>
		<key>7FEB43EDA449E96DA6924E44</key>
		<dict>
			<key>isa</key>
			<string>PBXGroup</string>
			<key>children</key>
			<array>
				<string>37A527110920C07C2B23634B</string>
				<string>D6732E87205445621C2601E3</string>
				<string>00145AA70D792A62FAEFB081</string>
				<string>DE187E5B8CF1F2812032F275</string>
				<string>BC0FC7A214DEF5107527CEE0</string>
			</array>
			<key>path</key>
			<string>Resources</string>
			<key>sourceTree</key>
			<string>&lt;group&gt;</string>
		</dict>
		<key>87B010AD78E5FB6D8E0E6905</key>
		<dict>
			<key>isa</key>
			<string>PBXGroup</string>
			<key>children</key>
			<array>
				<string>4517B743B615FD5EFBA142D0</string>
			</array>
			<key>path</key>
			<string>Scripts</string>
			<key>sourceTree</key>
			<string>&lt;group&gt;</string>
		</dict>
		<key>6AE4BF922F48C888DAF52409</key>
		<dict>
			<key>isa</key>
			<string>PBXGroup</string>
			<key>children</key>
			<array>
				<string>BB76EA955C0140F5539B3370</string>
				<string>69695652279E52526C55DB08</string>
				<string>8C77BB1D50E0387CBAB9B7E7</string>
				<string>96D4427B2C32C35C0167EF5D</string>
				<string>A899526A641091D8B55BC5EB</string>
				<string>8982A24EF66B0ABF58FE548C</string>
				<string>9C66698F319363B6748874D9</string>
				<string>14BBAF2B53EC5CCA637F7009</string>
				<string>E4745DB971A355A068387C43</string>
				<string>2FCCB4B3FA0095D6712FC135</string>
				<string>57FB700E19CFBDDCB95A6C43</string>
				<string>EFFFF68CFB69190935A03796</string>
				<string>4DE67949251C57619C3CB4A6</string>
			</array>
			<key>path</key>
			<string>Tests</string>
			<key>sourceTree</key>
			<string>&lt;group&gt;</string>
		</dict>
		<key>31A5E41A9BD04E385DB196E5</key>
		<dict>
			<key>isa</key>
			<string>PBXGroup</string>
			<key>children</key>
			<array>
				<string>2DDA71609E03108BCC14D346</string>
				<string>6D9C953A5AC303B892F3D859</string>
				<string>02DB7A12A374000CF03441C2</string>
			</array>
			<key>name</key>
			<string>Products</string>
			<key>sourceTree</key>
			<string>&lt;group&gt;</string>
		</dict>
		<key>E2258AA71B17E0A3529C6C95</key>
		<dict>
			<key>isa</key>
			<string>PBXGroup</string>
			<key>children</key>
			<array>
				<string>39A5B0C87020D1B4C992CFC6</string>
				<string>08DE04CDE866FBD543ADABDD</string>
				<string>6AE4BF922F48C888DAF52409</string>
				<string>7FEB43EDA449E96DA6924E44</string>
				<string>87B010AD78E5FB6D8E0E6905</string>
				<string>31A5E41A9BD04E385DB196E5</string>
			</array>
			<key>sourceTree</key>
			<string>&lt;group&gt;</string>
		</dict>
		<key>98F54143AB4E86B28C3AFEE0</key>
		<dict>
			<key>isa</key>
			<string>PBXProject</string>
			<key>attributes</key>
			<dict>
				<key>BuildIndependentTargetsInParallel</key>
				<string>1</string>
				<key>LastSwiftUpdateCheck</key>
				<string>2700</string>
				<key>LastUpgradeCheck</key>
				<string>2700</string>
			</dict>
			<key>buildConfigurationList</key>
			<string>D73EFB04F57AE5A83510D3EC</string>
			<key>compatibilityVersion</key>
			<string>Xcode 15.0</string>
			<key>developmentRegion</key>
			<string>zh-Hans</string>
			<key>hasScannedForEncodings</key>
			<string>0</string>
			<key>knownRegions</key>
			<array>
				<string>zh-Hans</string>
				<string>en</string>
				<string>Base</string>
			</array>
			<key>mainGroup</key>
			<string>E2258AA71B17E0A3529C6C95</string>
			<key>packageReferences</key>
			<array>
				<string>E8BBD3150499FDB206184225</string>
			</array>
			<key>productRefGroup</key>
			<string>31A5E41A9BD04E385DB196E5</string>
			<key>projectDirPath</key>
			<string></string>
			<key>projectRoot</key>
			<string></string>
			<key>targets</key>
			<array>
				<string>A48233495F3F75CE00DFA0A8</string>
				<string>520C4A33D0C9ECA5D2D058F3</string>
				<string>04EA9A5EC74C4E381470739C</string>
			</array>
		</dict>
	</dict>
	<key>rootObject</key>
	<string>98F54143AB4E86B28C3AFEE0</string>
</dict>
</plist>
